
Microsoft Visual Studio Solution File, Format Version 12.00
# Visual Studio Version 17
VisualStudioVersion = 17.5.002.0
MinimumVisualStudioVersion = 10.0.40219.1
Project("{9A19103F-16F7-4668-BE54-9A1E7A4F7556}") = "LiveMedyAIProject", "LiveMedyAIProject.csproj", "{FD61BB0C-5DB2-4A35-AA75-376EFEF1A85D}"
EndProject
Global
	GlobalSection(SolutionConfigurationPlatforms) = preSolution
		Debug|Any CPU = Debug|Any CPU
		Release|Any CPU = Release|Any CPU
	EndGlobalSection
	GlobalSection(ProjectConfigurationPlatforms) = postSolution
		{FD61BB0C-5DB2-4A35-AA75-376EFEF1A85D}.Debug|Any CPU.ActiveCfg = Debug|Any CPU
		{FD61BB0C-5DB2-4A35-AA75-376EFEF1A85D}.Debug|Any CPU.Build.0 = Debug|Any CPU
		{FD61BB0C-5DB2-4A35-AA75-376EFEF1A85D}.Release|Any CPU.ActiveCfg = Release|Any CPU
		{FD61BB0C-5DB2-4A35-AA75-376EFEF1A85D}.Release|Any CPU.Build.0 = Release|Any CPU
	EndGlobalSection
	GlobalSection(SolutionProperties) = preSolution
		HideSolutionNode = FALSE
	EndGlobalSection
	GlobalSection(ExtensibilityGlobals) = postSolution
		SolutionGuid = {58EEAEBF-A557-44E0-8969-491455A5016F}
	EndGlobalSection
EndGlobal
